<?xml version="1.0" encoding="utf-8"?>
<Project ToolsVersion="4.0" xmlns="http://schemas.microsoft.com/developer/msbuild/2003">
  <ItemGroup>
    <Filter Include="Sources">
      <UniqueIdentifier>{bfcd8944-d057-4bf3-b019-61537c7701d0}</UniqueIdentifier>
    </Filter>
    <Filter Include="Headers">
      <UniqueIdentifier>{d25c27be-1dfa-4bd3-9812-1505c4cde3ba}</UniqueIdentifier>
    </Filter>
    <Filter Include="Resources">
      <UniqueIdentifier>{3c332b77-e1e7-447d-bc5a-77eb5f43a1d7}</UniqueIdentifier>
    </Filter>
  </ItemGroup>
  <ItemGroup>
    <FxCompile Include="Resources\Shaders\DrawTexture.hlsl">
      <Filter>Resources</Filter>
    </FxCompile>
  </ItemGroup>
  <ItemGroup>
    <ClCompile Include="Sources\FPS.cpp">
      <Filter>Sources</Filter>
    </ClCompile>
    <ClCompile Include="Sources\App.cpp">
      <Filter>Sources</Filter>
    </ClCompile>
    <ClCompile Include="Sources\Main.cpp">
      <Filter>Sources</Filter>
    </ClCompile>
  </ItemGroup>
  <ItemGroup>
    <ClInclude Include="Headers\FPS.h">
      <Filter>Headers</Filter>
    </ClInclude>
    <ClInclude Include="Headers\App.h">
      <Filter>Headers</Filter>
    </ClInclude>
  </ItemGroup>
</Project>